
Microsoft Visual Studio Solution File, Format Version 12.00
# Visual Studio 15
VisualStudioVersion = 15.0.28307.645
MinimumVisualStudioVersion = 10.0.40219.1
Project("{9A19103F-16F7-4668-BE54-9A1E7A4F7556}") = "ProjectManagementApi", "ProjectManagementApi\ProjectManagementApi.csproj", "{15E0F935-C9ED-498B-9601-1ACF5F43F186}"
EndProject
Project("{FAE04EC0-301F-11D3-BF4B-00C04F79EFBC}") = "ProjectManagementApiTest", "ProjectManagementApiTest\ProjectManagementApiTest.csproj", "{58AB856D-DB90-4DDC-922A-BB52015D8FAC}"
EndProject
Global
	GlobalSection(SolutionConfigurationPlatforms) = preSolution
		Debug|Any CPU = Debug|Any CPU
		Release|Any CPU = Release|Any CPU
	EndGlobalSection
	GlobalSection(ProjectConfigurationPlatforms) = postSolution
		{15E0F935-C9ED-498B-9601-1ACF5F43F186}.Debug|Any CPU.ActiveCfg = Debug|Any CPU
		{15E0F935-C9ED-498B-9601-1ACF5F43F186}.Debug|Any CPU.Build.0 = Debug|Any CPU
		{15E0F935-C9ED-498B-9601-1ACF5F43F186}.Release|Any CPU.ActiveCfg = Release|Any CPU
		{15E0F935-C9ED-498B-9601-1ACF5F43F186}.Release|Any CPU.Build.0 = Release|Any CPU
		{58AB856D-DB90-4DDC-922A-BB52015D8FAC}.Debug|Any CPU.ActiveCfg = Debug|Any CPU
		{58AB856D-DB90-4DDC-922A-BB52015D8FAC}.Debug|Any CPU.Build.0 = Debug|Any CPU
		{58AB856D-DB90-4DDC-922A-BB52015D8FAC}.Release|Any CPU.ActiveCfg = Release|Any CPU
		{58AB856D-DB90-4DDC-922A-BB52015D8FAC}.Release|Any CPU.Build.0 = Release|Any CPU
	EndGlobalSection
	GlobalSection(SolutionProperties) = preSolution
		HideSolutionNode = FALSE
	EndGlobalSection
	GlobalSection(ExtensibilityGlobals) = postSolution
		SolutionGuid = {443E1639-CC18-481E-8B41-B3D3B6FF3F8A}
	EndGlobalSection
EndGlobal
